
Microsoft Visual Studio Solution File, Format Version 12.00
# Visual Studio Version 16
VisualStudioVersion = 16.0.30114.105
MinimumVisualStudioVersion = 10.0.40219.1
Project("{FAE04EC0-301F-11D3-BF4B-00C04F79EFBC}") = "Fibonacci", "Fibonacci.csproj", "{24F81FAD-CEB7-49F9-AEFE-63D41FA4CC17}"
EndProject
Global
	GlobalSection(SolutionConfigurationPlatforms) = preSolution
		Debug|Any CPU = Debug|Any CPU
		Release|Any CPU = Release|Any CPU
	EndGlobalSection
	GlobalSection(ProjectConfigurationPlatforms) = postSolution
		{24F81FAD-CEB7-49F9-AEFE-63D41FA4CC17}.Debug|Any CPU.ActiveCfg = Debug|Any CPU
		{24F81FAD-CEB7-49F9-AEFE-63D41FA4CC17}.Debug|Any CPU.Build.0 = Debug|Any CPU
		{24F81FAD-CEB7-49F9-AEFE-63D41FA4CC17}.Release|Any CPU.ActiveCfg = Release|Any CPU
		{24F81FAD-CEB7-49F9-AEFE-63D41FA4CC17}.Release|Any CPU.Build.0 = Release|Any CPU
	EndGlobalSection
	GlobalSection(SolutionProperties) = preSolution
		HideSolutionNode = FALSE
	EndGlobalSection
	GlobalSection(ExtensibilityGlobals) = postSolution
		SolutionGuid = {02A82F78-83F0-4D3C-BEF5-203440B9E586}
	EndGlobalSection
EndGlobal
